// !$*UTF8*$!
{
	archiveVersion = 1;
	classes = {
	};
	objectVersion = 46;
	objects = {

/* Begin PBXBuildFile section */
		0D3DEE7D72006CDA3BA706BD /* Pods.framework in Frameworks */ = {isa = PBXBuildFile; fileRef = B581AB47D2D396F6198BB10E /* Pods.framework */; settings = {ATTRIBUTES = (Weak, ); }; };
		8328CA7F1ACD078E0063821B /* WUXBaseViewController.swift in Sources */ = {isa = PBXBuildFile; fileRef = 8328CA7E1ACD078E0063821B /* WUXBaseViewController.swift */; };
		8328CA821ACD134C0063821B /* WUXAlbumCollectionViewController.swift in Sources */ = {isa = PBXBuildFile; fileRef = 8328CA811ACD134C0063821B /* WUXAlbumCollectionViewController.swift */; };
		8328CA851ACD138C0063821B /* WUXFavouriteTableViewController.swift in Sources */ = {isa = PBXBuildFile; fileRef = 8328CA841ACD138C0063821B /* WUXFavouriteTableViewController.swift */; };
		8328CA881ACD13D00063821B /* WUXPhotoDetailViewController.swift in Sources */ = {isa = PBXBuildFile; fileRef = 8328CA871ACD13D00063821B /* WUXPhotoDetailViewController.swift */; };
		8328CA8A1ACD2A690063821B /* WUXAlbumCollectionViewCell.swift in Sources */ = {isa = PBXBuildFile; fileRef = 8328CA891ACD2A690063821B /* WUXAlbumCollectionViewCell.swift */; };
		8328CA8D1ACD2AB00063821B /* Constants.swift in Sources */ = {isa = PBXBuildFile; fileRef = 8328CA8C1ACD2AB00063821B /* Constants.swift */; };
		8328CA8F1ACD370F0063821B /* WUXFavouriteManager.swift in Sources */ = {isa = PBXBuildFile; fileRef = 8328CA8E1ACD370F0063821B /* WUXFavouriteManager.swift */; };
		832BFF071ACBFE2D00038BBB /* WUXPhoto.swift in Sources */ = {isa = PBXBuildFile; fileRef = 832BFF061ACBFE2D00038BBB /* WUXPhoto.swift */; };
		832BFF091ACBFE4A00038BBB /* WUXProfile.swift in Sources */ = {isa = PBXBuildFile; fileRef = 832BFF081ACBFE4A00038BBB /* WUXProfile.swift */; };
		832BFF0C1ACC000900038BBB /* WUXProfileViewController.swift in Sources */ = {isa = PBXBuildFile; fileRef = 832BFF0B1ACC000900038BBB /* WUXProfileViewController.swift */; };
		832BFF0E1ACC04E600038BBB /* WUXApiManager.swift in Sources */ = {isa = PBXBuildFile; fileRef = 832BFF0D1ACC04E600038BBB /* WUXApiManager.swift */; };
		838D69DB1ACBFA02007A0CAB /* AppDelegate.swift in Sources */ = {isa = PBXBuildFile; fileRef = 838D69DA1ACBFA02007A0CAB /* AppDelegate.swift */; };
		838D69E21ACBFA02007A0CAB /* Main.storyboard in Resources */ = {isa = PBXBuildFile; fileRef = 838D69E01ACBFA02007A0CAB /* Main.storyboard */; };
		838D69E41ACBFA02007A0CAB /* Images.xcassets in Resources */ = {isa = PBXBuildFile; fileRef = 838D69E31ACBFA02007A0CAB /* Images.xcassets */; };
		838D69E71ACBFA02007A0CAB /* LaunchScreen.xib in Resources */ = {isa = PBXBuildFile; fileRef = 838D69E51ACBFA02007A0CAB /* LaunchScreen.xib */; };
		838D69F31ACBFA02007A0CAB /* GT_WarmUp_iOS_SwiftTests.swift in Sources */ = {isa = PBXBuildFile; fileRef = 838D69F21ACBFA02007A0CAB /* GT_WarmUp_iOS_SwiftTests.swift */; };
/* End PBXBuildFile section */

/* Begin PBXContainerItemProxy section */
		838D69ED1ACBFA02007A0CAB /* PBXContainerItemProxy */ = {
			isa = PBXContainerItemProxy;
			containerPortal = 838D69CD1ACBFA02007A0CAB /* Project object */;
			proxyType = 1;
			remoteGlobalIDString = 838D69D41ACBFA02007A0CAB;
			remoteInfo = GT_WarmUp_iOS_Swift;
		};
/* End PBXContainerItemProxy section */

/* Begin PBXFileReference section */
		1EC1A136C03F85F4B2B10486 /* Pods.debug.xcconfig */ = {isa = PBXFileReference; includeInIndex = 1; lastKnownFileType = text.xcconfig; name = Pods.debug.xcconfig; path = "Pods/Target Support Files/Pods/Pods.debug.xcconfig"; sourceTree = "<group>"; };
		8328CA7E1ACD078E0063821B /* WUXBaseViewController.swift */ = {isa = PBXFileReference; fileEncoding = 4; lastKnownFileType = sourcecode.swift; name = WUXBaseViewController.swift; path = Base/WUXBaseViewController.swift; sourceTree = "<group>"; };
		8328CA811ACD134C0063821B /* WUXAlbumCollectionViewController.swift */ = {isa = PBXFileReference; fileEncoding = 4; lastKnownFileType = sourcecode.swift; name = WUXAlbumCollectionViewController.swift; path = Album/WUXAlbumCollectionViewController.swift; sourceTree = "<group>"; };
		8328CA841ACD138C0063821B /* WUXFavouriteTableViewController.swift */ = {isa = PBXFileReference; fileEncoding = 4; lastKnownFileType = sourcecode.swift; name = WUXFavouriteTableViewController.swift; path = Favourite/WUXFavouriteTableViewController.swift; sourceTree = "<group>"; };
		8328CA871ACD13D00063821B /* WUXPhotoDetailViewController.swift */ = {isa = PBXFileReference; fileEncoding = 4; lastKnownFileType = sourcecode.swift; name = WUXPhotoDetailViewController.swift; path = "Photo Detail/WUXPhotoDetailViewController.swift"; sourceTree = "<group>"; };
		8328CA891ACD2A690063821B /* WUXAlbumCollectionViewCell.swift */ = {isa = PBXFileReference; fileEncoding = 4; lastKnownFileType = sourcecode.swift; name = WUXAlbumCollectionViewCell.swift; path = View/WUXAlbumCollectionViewCell.swift; sourceTree = "<group>"; };
		8328CA8C1ACD2AB00063821B /* Constants.swift */ = {isa = PBXFileReference; fileEncoding = 4; lastKnownFileType = sourcecode.swift; name = Constants.swift; path = Common/Constants.swift; sourceTree = "<group>"; };
		8328CA8E1ACD370F0063821B /* WUXFavouriteManager.swift */ = {isa = PBXFileReference; fileEncoding = 4; lastKnownFileType = sourcecode.swift; name = WUXFavouriteManager.swift; path = Managers/WUXFavouriteManager.swift; sourceTree = "<group>"; };
		832BFF061ACBFE2D00038BBB /* WUXPhoto.swift */ = {isa = PBXFileReference; fileEncoding = 4; lastKnownFileType = sourcecode.swift; name = WUXPhoto.swift; path = Model/WUXPhoto.swift; sourceTree = "<group>"; };
		832BFF081ACBFE4A00038BBB /* WUXProfile.swift */ = {isa = PBXFileReference; fileEncoding = 4; lastKnownFileType = sourcecode.swift; name = WUXProfile.swift; path = Model/WUXProfile.swift; sourceTree = "<group>"; };
		832BFF0B1ACC000900038BBB /* WUXProfileViewController.swift */ = {isa = PBXFileReference; fileEncoding = 4; lastKnownFileType = sourcecode.swift; name = WUXProfileViewController.swift; path = Profile/WUXProfileViewController.swift; sourceTree = "<group>"; };
		832BFF0D1ACC04E600038BBB /* WUXApiManager.swift */ = {isa = PBXFileReference; fileEncoding = 4; lastKnownFileType = sourcecode.swift; name = WUXApiManager.swift; path = Managers/WUXApiManager.swift; sourceTree = "<group>"; };
		838D69D51ACBFA02007A0CAB /* GT_WarmUp_iOS_Swift.app */ = {isa = PBXFileReference; explicitFileType = wrapper.application; includeInIndex = 0; path = GT_WarmUp_iOS_Swift.app; sourceTree = BUILT_PRODUCTS_DIR; };
		838D69D91ACBFA02007A0CAB /* Info.plist */ = {isa = PBXFileReference; lastKnownFileType = text.plist.xml; path = Info.plist; sourceTree = "<group>"; };
		838D69DA1ACBFA02007A0CAB /* AppDelegate.swift */ = {isa = PBXFileReference; lastKnownFileType = sourcecode.swift; path = AppDelegate.swift; sourceTree = "<group>"; };
		838D69E11ACBFA02007A0CAB /* Base */ = {isa = PBXFileReference; lastKnownFileType = file.storyboard; name = Base; path = Base.lproj/Main.storyboard; sourceTree = "<group>"; };
		838D69E31ACBFA02007A0CAB /* Images.xcassets */ = {isa = PBXFileReference; lastKnownFileType = folder.assetcatalog; path = Images.xcassets; sourceTree = "<group>"; };
		838D69E61ACBFA02007A0CAB /* Base */ = {isa = PBXFileReference; lastKnownFileType = file.xib; name = Base; path = Base.lproj/LaunchScreen.xib; sourceTree = "<group>"; };
		838D69EC1ACBFA02007A0CAB /* GT_WarmUp_iOS_SwiftTests.xctest */ = {isa = PBXFileReference; explicitFileType = wrapper.cfbundle; includeInIndex = 0; path = GT_WarmUp_iOS_SwiftTests.xctest; sourceTree = BUILT_PRODUCTS_DIR; };
		838D69F11ACBFA02007A0CAB /* Info.plist */ = {isa = PBXFileReference; lastKnownFileType = text.plist.xml; path = Info.plist; sourceTree = "<group>"; };
		838D69F21ACBFA02007A0CAB /* GT_WarmUp_iOS_SwiftTests.swift */ = {isa = PBXFileReference; lastKnownFileType = sourcecode.swift; path = GT_WarmUp_iOS_SwiftTests.swift; sourceTree = "<group>"; };
		83DFF99C1AE4EFEF00912841 /* GT_WarmUp_iOS_Swift-Bridging-Header.h */ = {isa = PBXFileReference; lastKnownFileType = sourcecode.c.h; path = "GT_WarmUp_iOS_Swift-Bridging-Header.h"; sourceTree = "<group>"; };
		B581AB47D2D396F6198BB10E /* Pods.framework */ = {isa = PBXFileReference; explicitFileType = wrapper.framework; includeInIndex = 0; path = Pods.framework; sourceTree = BUILT_PRODUCTS_DIR; };
		C17CD3D03D9116285023211F /* Pods.release.xcconfig */ = {isa = PBXFileReference; includeInIndex = 1; lastKnownFileType = text.xcconfig; name = Pods.release.xcconfig; path = "Pods/Target Support Files/Pods/Pods.release.xcconfig"; sourceTree = "<group>"; };
/* End PBXFileReference section */

/* Begin PBXFrameworksBuildPhase section */
		838D69D21ACBFA02007A0CAB /* Frameworks */ = {
			isa = PBXFrameworksBuildPhase;
			buildActionMask = 2147483647;
			files = (
				0D3DEE7D72006CDA3BA706BD /* Pods.framework in Frameworks */,
			);
			runOnlyForDeploymentPostprocessing = 0;
		};
		838D69E91ACBFA02007A0CAB /* Frameworks */ = {
			isa = PBXFrameworksBuildPhase;
			buildActionMask = 2147483647;
			files = (
			);
			runOnlyForDeploymentPostprocessing = 0;
		};
/* End PBXFrameworksBuildPhase section */

/* Begin PBXGroup section */
		46A5E0AFF6E5056F25EEA05D /* Frameworks */ = {
			isa = PBXGroup;
			children = (
				B581AB47D2D396F6198BB10E /* Pods.framework */,
			);
			name = Frameworks;
			sourceTree = "<group>";
		};
		8328CA7D1ACD07730063821B /* Base */ = {
			isa = PBXGroup;
			children = (
				8328CA7E1ACD078E0063821B /* WUXBaseViewController.swift */,
			);
			name = Base;
			sourceTree = "<group>";
		};
		8328CA801ACD132A0063821B /* Album */ = {
			isa = PBXGroup;
			children = (
				8328CA811ACD134C0063821B /* WUXAlbumCollectionViewController.swift */,
			);
			name = Album;
			sourceTree = "<group>";
		};
		8328CA831ACD136B0063821B /* Favourite */ = {
			isa = PBXGroup;
			children = (
				8328CA841ACD138C0063821B /* WUXFavouriteTableViewController.swift */,
			);
			name = Favourite;
			sourceTree = "<group>";
		};
		8328CA861ACD13A40063821B /* Photo Detail */ = {
			isa = PBXGroup;
			children = (
				8328CA871ACD13D00063821B /* WUXPhotoDetailViewController.swift */,
			);
			name = "Photo Detail";
			sourceTree = "<group>";
		};
		8328CA8B1ACD2A8C0063821B /* Common */ = {
			isa = PBXGroup;
			children = (
				8328CA8C1ACD2AB00063821B /* Constants.swift */,
				83DFF99C1AE4EFEF00912841 /* GT_WarmUp_iOS_Swift-Bridging-Header.h */,
			);
			name = Common;
			sourceTree = "<group>";
		};
		832BFEFE1ACBFCBD00038BBB /* Model */ = {
			isa = PBXGroup;
			children = (
				832BFF061ACBFE2D00038BBB /* WUXPhoto.swift */,
				832BFF081ACBFE4A00038BBB /* WUXProfile.swift */,
			);
			name = Model;
			sourceTree = "<group>";
		};
		832BFF001ACBFCD100038BBB /* Manager */ = {
			isa = PBXGroup;
			children = (
				832BFF0D1ACC04E600038BBB /* WUXApiManager.swift */,
				8328CA8E1ACD370F0063821B /* WUXFavouriteManager.swift */,
			);
			name = Manager;
			sourceTree = "<group>";
		};
		832BFF011ACBFCE300038BBB /* View */ = {
			isa = PBXGroup;
			children = (
				8328CA891ACD2A690063821B /* WUXAlbumCollectionViewCell.swift */,
			);
			name = View;
			sourceTree = "<group>";
		};
		832BFF0A1ACBFFE700038BBB /* Profile */ = {
			isa = PBXGroup;
			children = (
				832BFF0B1ACC000900038BBB /* WUXProfileViewController.swift */,
			);
			name = Profile;
			sourceTree = "<group>";
		};
		838D69CC1ACBFA02007A0CAB = {
			isa = PBXGroup;
			children = (
				838D69D71ACBFA02007A0CAB /* GT_WarmUp_iOS_Swift */,
				838D69EF1ACBFA02007A0CAB /* GT_WarmUp_iOS_SwiftTests */,
				838D69D61ACBFA02007A0CAB /* Products */,
				EEF31BB33D34A6662812F0A4 /* Pods */,
				46A5E0AFF6E5056F25EEA05D /* Frameworks */,
			);
			sourceTree = "<group>";
		};
		838D69D61ACBFA02007A0CAB /* Products */ = {
			isa = PBXGroup;
			children = (
				838D69D51ACBFA02007A0CAB /* GT_WarmUp_iOS_Swift.app */,
				838D69EC1ACBFA02007A0CAB /* GT_WarmUp_iOS_SwiftTests.xctest */,
			);
			name = Products;
			sourceTree = "<group>";
		};
		838D69D71ACBFA02007A0CAB /* GT_WarmUp_iOS_Swift */ = {
			isa = PBXGroup;
			children = (
				8328CA8B1ACD2A8C0063821B /* Common */,
				8328CA861ACD13A40063821B /* Photo Detail */,
				8328CA831ACD136B0063821B /* Favourite */,
				8328CA801ACD132A0063821B /* Album */,
				8328CA7D1ACD07730063821B /* Base */,
				832BFF0A1ACBFFE700038BBB /* Profile */,
				832BFF011ACBFCE300038BBB /* View */,
				832BFF001ACBFCD100038BBB /* Manager */,
				832BFEFE1ACBFCBD00038BBB /* Model */,
				838D69DA1ACBFA02007A0CAB /* AppDelegate.swift */,
				838D69E01ACBFA02007A0CAB /* Main.storyboard */,
				838D69E31ACBFA02007A0CAB /* Images.xcassets */,
				838D69E51ACBFA02007A0CAB /* LaunchScreen.xib */,
				838D69D81ACBFA02007A0CAB /* Supporting Files */,
			);
			path = GT_WarmUp_iOS_Swift;
			sourceTree = "<group>";
		};
		838D69D81ACBFA02007A0CAB /* Supporting Files */ = {
			isa = PBXGroup;
			children = (
				838D69D91ACBFA02007A0CAB /* Info.plist */,
			);
			name = "Supporting Files";
			sourceTree = "<group>";
		};
		838D69EF1ACBFA02007A0CAB /* GT_WarmUp_iOS_SwiftTests */ = {
			isa = PBXGroup;
			children = (
				838D69F21ACBFA02007A0CAB /* GT_WarmUp_iOS_SwiftTests.swift */,
				838D69F01ACBFA02007A0CAB /* Supporting Files */,
			);
			path = GT_WarmUp_iOS_SwiftTests;
			sourceTree = "<group>";
		};
		838D69F01ACBFA02007A0CAB /* Supporting Files */ = {
			isa = PBXGroup;
			children = (
				838D69F11ACBFA02007A0CAB /* Info.plist */,
			);
			name = "Supporting Files";
			sourceTree = "<group>";
		};
		EEF31BB33D34A6662812F0A4 /* Pods */ = {
			isa = PBXGroup;
			children = (
				1EC1A136C03F85F4B2B10486 /* Pods.debug.xcconfig */,
				C17CD3D03D9116285023211F /* Pods.release.xcconfig */,
			);
			name = Pods;
			sourceTree = "<group>";
		};
/* End PBXGroup section */

/* Begin PBXNativeTarget section */
		838D69D41ACBFA02007A0CAB /* GT_WarmUp_iOS_Swift */ = {
			isa = PBXNativeTarget;
			buildConfigurationList = 838D69F61ACBFA02007A0CAB /* Build configuration list for PBXNativeTarget "GT_WarmUp_iOS_Swift" */;
			buildPhases = (
				2246C2CEFE15BDD7C9451B18 /* Check Pods Manifest.lock */,
				838D69D11ACBFA02007A0CAB /* Sources */,
				838D69D21ACBFA02007A0CAB /* Frameworks */,
				838D69D31ACBFA02007A0CAB /* Resources */,
				68CD1BDA90825B52D5964FA9 /* Embed Pods Frameworks */,
				5E9173B275367B5A7E47CDD7 /* Copy Pods Resources */,
				83DFF9A01AE4F0A200912841 /* ShellScript */,
			);
			buildRules = (
			);
			dependencies = (
			);
			name = GT_WarmUp_iOS_Swift;
			productName = GT_WarmUp_iOS_Swift;
			productReference = 838D69D51ACBFA02007A0CAB /* GT_WarmUp_iOS_Swift.app */;
			productType = "com.apple.product-type.application";
		};
		838D69EB1ACBFA02007A0CAB /* GT_WarmUp_iOS_SwiftTests */ = {
			isa = PBXNativeTarget;
			buildConfigurationList = 838D69F91ACBFA02007A0CAB /* Build configuration list for PBXNativeTarget "GT_WarmUp_iOS_SwiftTests" */;
			buildPhases = (
				838D69E81ACBFA02007A0CAB /* Sources */,
				838D69E91ACBFA02007A0CAB /* Frameworks */,
				838D69EA1ACBFA02007A0CAB /* Resources */,
			);
			buildRules = (
			);
			dependencies = (
				838D69EE1ACBFA02007A0CAB /* PBXTargetDependency */,
			);
			name = GT_WarmUp_iOS_SwiftTests;
			productName = GT_WarmUp_iOS_SwiftTests;
			productReference = 838D69EC1ACBFA02007A0CAB /* GT_WarmUp_iOS_SwiftTests.xctest */;
			productType = "com.apple.product-type.bundle.unit-test";
		};
/* End PBXNativeTarget section */

/* Begin PBXProject section */
		838D69CD1ACBFA02007A0CAB /* Project object */ = {
			isa = PBXProject;
			attributes = {
				CLASSPREFIX = WUX;
				LastUpgradeCheck = 0620;
				ORGANIZATIONNAME = "Green Tomato";
				TargetAttributes = {
					838D69D41ACBFA02007A0CAB = {
						CreatedOnToolsVersion = 6.2;
					};
					838D69EB1ACBFA02007A0CAB = {
						CreatedOnToolsVersion = 6.2;
						TestTargetID = 838D69D41ACBFA02007A0CAB;
					};
				};
			};
			buildConfigurationList = 838D69D01ACBFA02007A0CAB /* Build configuration list for PBXProject "GT_WarmUp_iOS_Swift" */;
			compatibilityVersion = "Xcode 3.2";
			developmentRegion = English;
			hasScannedForEncodings = 0;
			knownRegions = (
				en,
				Base,
			);
			mainGroup = 838D69CC1ACBFA02007A0CAB;
			productRefGroup = 838D69D61ACBFA02007A0CAB /* Products */;
			projectDirPath = "";
			projectRoot = "";
			targets = (
				838D69D41ACBFA02007A0CAB /* GT_WarmUp_iOS_Swift */,
				838D69EB1ACBFA02007A0CAB /* GT_WarmUp_iOS_SwiftTests */,
			);
		};
/* End PBXProject section */

/* Begin PBXResourcesBuildPhase section */
		838D69D31ACBFA02007A0CAB /* Resources */ = {
			isa = PBXResourcesBuildPhase;
			buildActionMask = 2147483647;
			files = (
				838D69E21ACBFA02007A0CAB /* Main.storyboard in Resources */,
				838D69E71ACBFA02007A0CAB /* LaunchScreen.xib in Resources */,
				838D69E41ACBFA02007A0CAB /* Images.xcassets in Resources */,
			);
			runOnlyForDeploymentPostprocessing = 0;
		};
		838D69EA1ACBFA02007A0CAB /* Resources */ = {
			isa = PBXResourcesBuildPhase;
			buildActionMask = 2147483647;
			files = (
			);
			runOnlyForDeploymentPostprocessing = 0;
		};
/* End PBXResourcesBuildPhase section */

/* Begin PBXShellScriptBuildPhase section */
		2246C2CEFE15BDD7C9451B18 /* Check Pods Manifest.lock */ = {
			isa = PBXShellScriptBuildPhase;
			buildActionMask = 2147483647;
			files = (
			);
			inputPaths = (
			);
			name = "Check Pods Manifest.lock";
			outputPaths = (
			);
			runOnlyForDeploymentPostprocessing = 0;
			shellPath = /bin/sh;
			shellScript = "diff \"${PODS_ROOT}/../Podfile.lock\" \"${PODS_ROOT}/Manifest.lock\" > /dev/null\nif [[ $? != 0 ]] ; then\n    cat << EOM\nerror: The sandbox is not in sync with the Podfile.lock. Run 'pod install' or update your CocoaPods installation.\nEOM\n    exit 1\nfi\n";
			showEnvVarsInLog = 0;
		};
		5E9173B275367B5A7E47CDD7 /* Copy Pods Resources */ = {
			isa = PBXShellScriptBuildPhase;
			buildActionMask = 2147483647;
			files = (
			);
			inputPaths = (
			);
			name = "Copy Pods Resources";
			outputPaths = (
			);
			runOnlyForDeploymentPostprocessing = 0;
			shellPath = /bin/sh;
			shellScript = "\"${SRCROOT}/Pods/Target Support Files/Pods/Pods-resources.sh\"\n";
			showEnvVarsInLog = 0;
		};
		68CD1BDA90825B52D5964FA9 /* Embed Pods Frameworks */ = {
			isa = PBXShellScriptBuildPhase;
			buildActionMask = 2147483647;
			files = (
			);
			inputPaths = (
			);
			name = "Embed Pods Frameworks";
			outputPaths = (
			);
			runOnlyForDeploymentPostprocessing = 0;
			shellPath = /bin/sh;
			shellScript = "\"${SRCROOT}/Pods/Target Support Files/Pods/Pods-frameworks.sh\"\n";
			showEnvVarsInLog = 0;
		};
		83DFF9A01AE4F0A200912841 /* ShellScript */ = {
			isa = PBXShellScriptBuildPhase;
			buildActionMask = 2147483647;
			files = (
			);
			inputPaths = (
			);
			outputPaths = (
			);
			runOnlyForDeploymentPostprocessing = 0;
			shellPath = /bin/sh;
			shellScript = "FILE=\"${SRCROOT}/HockeySDK-iOS/BuildAgent\"\nif [ -f \"$FILE\" ]; then\n\"$FILE\"\nfi";
		};
/* End PBXShellScriptBuildPhase section */

/* Begin PBXSourcesBuildPhase section */
		838D69D11ACBFA02007A0CAB /* Sources */ = {
			isa = PBXSourcesBuildPhase;
			buildActionMask = 2147483647;
			files = (
				8328CA8F1ACD370F0063821B /* WUXFavouriteManager.swift in Sources */,
				8328CA851ACD138C0063821B /* WUXFavouriteTableViewController.swift in Sources */,
				8328CA8D1ACD2AB00063821B /* Constants.swift in Sources */,
				832BFF091ACBFE4A00038BBB /* WUXProfile.swift in Sources */,
				832BFF0E1ACC04E600038BBB /* WUXApiManager.swift in Sources */,
				8328CA881ACD13D00063821B /* WUXPhotoDetailViewController.swift in Sources */,
				8328CA8A1ACD2A690063821B /* WUXAlbumCollectionViewCell.swift in Sources */,
				838D69DB1ACBFA02007A0CAB /* AppDelegate.swift in Sources */,
				8328CA821ACD134C0063821B /* WUXAlbumCollectionViewController.swift in Sources */,
				832BFF0C1ACC000900038BBB /* WUXProfileViewController.swift in Sources */,
				8328CA7F1ACD078E0063821B /* WUXBaseViewController.swift in Sources */,
				832BFF071ACBFE2D00038BBB /* WUXPhoto.swift in Sources */,
			);
			runOnlyForDeploymentPostprocessing = 0;
		};
		838D69E81ACBFA02007A0CAB /* Sources */ = {
			isa = PBXSourcesBuildPhase;
			buildActionMask = 2147483647;
			files = (
				838D69F31ACBFA02007A0CAB /* GT_WarmUp_iOS_SwiftTests.swift in Sources */,
			);
			runOnlyForDeploymentPostprocessing = 0;
		};
/* End PBXSourcesBuildPhase section */

/* Begin PBXTargetDependency section */
		838D69EE1ACBFA02007A0CAB /* PBXTargetDependency */ = {
			isa = PBXTargetDependency;
			target = 838D69D41ACBFA02007A0CAB /* GT_WarmUp_iOS_Swift */;
			targetProxy = 838D69ED1ACBFA02007A0CAB /* PBXContainerItemProxy */;
		};
/* End PBXTargetDependency section */

/* Begin PBXVariantGroup section */
		838D69E01ACBFA02007A0CAB /* Main.storyboard */ = {
			isa = PBXVariantGroup;
			children = (
				838D69E11ACBFA02007A0CAB /* Base */,
			);
			name = Main.storyboard;
			sourceTree = "<group>";
		};
		838D69E51ACBFA02007A0CAB /* LaunchScreen.xib */ = {
			isa = PBXVariantGroup;
			children = (
				838D69E61ACBFA02007A0CAB /* Base */,
			);
			name = LaunchScreen.xib;
			sourceTree = "<group>";
		};
/* End PBXVariantGroup section */

/* Begin XCBuildConfiguration section */
		838D69F41ACBFA02007A0CAB /* Debug */ = {
			isa = XCBuildConfiguration;
			buildSettings = {
				ALWAYS_SEARCH_USER_PATHS = NO;
				CLANG_CXX_LANGUAGE_STANDARD = "gnu++0x";
				CLANG_CXX_LIBRARY = "libc++";
				CLANG_ENABLE_MODULES = YES;
				CLANG_ENABLE_OBJC_ARC = YES;
				CLANG_WARN_BOOL_CONVERSION = YES;
				CLANG_WARN_CONSTANT_CONVERSION = YES;
				CLANG_WARN_DIRECT_OBJC_ISA_USAGE = YES_ERROR;
				CLANG_WARN_EMPTY_BODY = YES;
				CLANG_WARN_ENUM_CONVERSION = YES;
				CLANG_WARN_INT_CONVERSION = YES;
				CLANG_WARN_OBJC_ROOT_CLASS = YES_ERROR;
				CLANG_WARN_UNREACHABLE_CODE = YES;
				CLANG_WARN__DUPLICATE_METHOD_MATCH = YES;
				"CODE_SIGN_IDENTITY[sdk=iphoneos*]" = "iPhone Developer";
				COPY_PHASE_STRIP = NO;
				ENABLE_STRICT_OBJC_MSGSEND = YES;
				GCC_C_LANGUAGE_STANDARD = gnu99;
				GCC_DYNAMIC_NO_PIC = NO;
				GCC_OPTIMIZATION_LEVEL = 0;
				GCC_PREPROCESSOR_DEFINITIONS = (
					"DEBUG=1",
					"$(inherited)",
				);
				GCC_SYMBOLS_PRIVATE_EXTERN = NO;
				GCC_WARN_64_TO_32_BIT_CONVERSION = YES;
				GCC_WARN_ABOUT_RETURN_TYPE = YES_ERROR;
				GCC_WARN_UNDECLARED_SELECTOR = YES;
				GCC_WARN_UNINITIALIZED_AUTOS = YES_AGGRESSIVE;
				GCC_WARN_UNUSED_FUNCTION = YES;
				GCC_WARN_UNUSED_VARIABLE = YES;
				IPHONEOS_DEPLOYMENT_TARGET = 8.2;
				MTL_ENABLE_DEBUG_INFO = YES;
				ONLY_ACTIVE_ARCH = YES;
				SDKROOT = iphoneos;
				SWIFT_OPTIMIZATION_LEVEL = "-Onone";
			};
			name = Debug;
		};
		838D69F51ACBFA02007A0CAB /* Release */ = {
			isa = XCBuildConfiguration;
			buildSettings = {
				ALWAYS_SEARCH_USER_PATHS = NO;
				CLANG_CXX_LANGUAGE_STANDARD = "gnu++0x";
				CLANG_CXX_LIBRARY = "libc++";
				CLANG_ENABLE_MODULES = YES;
				CLANG_ENABLE_OBJC_ARC = YES;
				CLANG_WARN_BOOL_CONVERSION = YES;
				CLANG_WARN_CONSTANT_CONVERSION = YES;
				CLANG_WARN_DIRECT_OBJC_ISA_USAGE = YES_ERROR;
				CLANG_WARN_EMPTY_BODY = YES;
				CLANG_WARN_ENUM_CONVERSION = YES;
				CLANG_WARN_INT_CONVERSION = YES;
				CLANG_WARN_OBJC_ROOT_CLASS = YES_ERROR;
				CLANG_WARN_UNREACHABLE_CODE = YES;
				CLANG_WARN__DUPLICATE_METHOD_MATCH = YES;
				"CODE_SIGN_IDENTITY[sdk=iphoneos*]" = "iPhone Developer";
				COPY_PHASE_STRIP = NO;
				ENABLE_NS_ASSERTIONS = NO;
				ENABLE_STRICT_OBJC_MSGSEND = YES;
				GCC_C_LANGUAGE_STANDARD = gnu99;
				GCC_WARN_64_TO_32_BIT_CONVERSION = YES;
				GCC_WARN_ABOUT_RETURN_TYPE = YES_ERROR;
				GCC_WARN_UNDECLARED_SELECTOR = YES;
				GCC_WARN_UNINITIALIZED_AUTOS = YES_AGGRESSIVE;
				GCC_WARN_UNUSED_FUNCTION = YES;
				GCC_WARN_UNUSED_VARIABLE = YES;
				IPHONEOS_DEPLOYMENT_TARGET = 8.2;
				MTL_ENABLE_DEBUG_INFO = NO;
				SDKROOT = iphoneos;
				VALIDATE_PRODUCT = YES;
			};
			name = Release;
		};
		838D69F71ACBFA02007A0CAB /* Debug */ = {
			isa = XCBuildConfiguration;
			baseConfigurationReference = 1EC1A136C03F85F4B2B10486 /* Pods.debug.xcconfig */;
			buildSettings = {
				ASSETCATALOG_COMPILER_APPICON_NAME = AppIcon;
				CLANG_ENABLE_MODULES = YES;
				INFOPLIST_FILE = GT_WarmUp_iOS_Swift/Info.plist;
				LD_RUNPATH_SEARCH_PATHS = "$(inherited) @executable_path/Frameworks";
				PRODUCT_NAME = "$(TARGET_NAME)";
				SWIFT_OBJC_BRIDGING_HEADER = "GT_WarmUp_iOS_Swift/GT_WarmUp_iOS_Swift-Bridging-Header.h";
				SWIFT_OPTIMIZATION_LEVEL = "-Onone";
			};
			name = Debug;
		};
		838D69F81ACBFA02007A0CAB /* Release */ = {
			isa = XCBuildConfiguration;
			baseConfigurationReference = C17CD3D03D9116285023211F /* Pods.release.xcconfig */;
			buildSettings = {
				ASSETCATALOG_COMPILER_APPICON_NAME = AppIcon;
				CLANG_ENABLE_MODULES = YES;
				INFOPLIST_FILE = GT_WarmUp_iOS_Swift/Info.plist;
				LD_RUNPATH_SEARCH_PATHS = "$(inherited) @executable_path/Frameworks";
				PRODUCT_NAME = "$(TARGET_NAME)";
				SWIFT_OBJC_BRIDGING_HEADER = "GT_WarmUp_iOS_Swift/GT_WarmUp_iOS_Swift-Bridging-Header.h";
			};
			name = Release;
		};
		838D69FA1ACBFA02007A0CAB /* Debug */ = {
			isa = XCBuildConfiguration;
			buildSettings = {
				BUNDLE_LOADER = "$(TEST_HOST)";
				FRAMEWORK_SEARCH_PATHS = (
					"$(SDKROOT)/Developer/Library/Frameworks",
					"$(inherited)",
				);
				GCC_PREPROCESSOR_DEFINITIONS = (
					"DEBUG=1",
					"$(inherited)",
				);
				INFOPLIST_FILE = GT_WarmUp_iOS_SwiftTests/Info.plist;
				LD_RUNPATH_SEARCH_PATHS = "$(inherited) @executable_path/Frameworks @loader_path/Frameworks";
				PRODUCT_NAME = "$(TARGET_NAME)";
				TEST_HOST = "$(BUILT_PRODUCTS_DIR)/GT_WarmUp_iOS_Swift.app/GT_WarmUp_iOS_Swift";
			};
			name = Debug;
		};
		838D69FB1ACBFA02007A0CAB /* Release */ = {
			isa = XCBuildConfiguration;
			buildSettings = {
				BUNDLE_LOADER = "$(TEST_HOST)";
				FRAMEWORK_SEARCH_PATHS = (
					"$(SDKROOT)/Developer/Library/Frameworks",
					"$(inherited)",
				);
				INFOPLIST_FILE = GT_WarmUp_iOS_SwiftTests/Info.plist;
				LD_RUNPATH_SEARCH_PATHS = "$(inherited) @executable_path/Frameworks @loader_path/Frameworks";
				PRODUCT_NAME = "$(TARGET_NAME)";
				TEST_HOST = "$(BUILT_PRODUCTS_DIR)/GT_WarmUp_iOS_Swift.app/GT_WarmUp_iOS_Swift";
			};
			name = Release;
		};
/* End XCBuildConfiguration section */

/* Begin XCConfigurationList section */
		838D69D01ACBFA02007A0CAB /* Build configuration list for PBXProject "GT_WarmUp_iOS_Swift" */ = {
			isa = XCConfigurationList;
			buildConfigurations = (
				838D69F41ACBFA02007A0CAB /* Debug */,
				838D69F51ACBFA02007A0CAB /* Release */,
			);
			defaultConfigurationIsVisible = 0;
			defaultConfigurationName = Release;
		};
		838D69F61ACBFA02007A0CAB /* Build configuration list for PBXNativeTarget "GT_WarmUp_iOS_Swift" */ = {
			isa = XCConfigurationList;
			buildConfigurations = (
				838D69F71ACBFA02007A0CAB /* Debug */,
				838D69F81ACBFA02007A0CAB /* Release */,
			);
			defaultConfigurationIsVisible = 0;
			defaultConfigurationName = Release;
		};
		838D69F91ACBFA02007A0CAB /* Build configuration list for PBXNativeTarget "GT_WarmUp_iOS_SwiftTests" */ = {
			isa = XCConfigurationList;
			buildConfigurations = (
				838D69FA1ACBFA02007A0CAB /* Debug */,
				838D69FB1ACBFA02007A0CAB /* Release */,
			);
			defaultConfigurationIsVisible = 0;
			defaultConfigurationName = Release;
		};
/* End XCConfigurationList section */
	};
	rootObject = 838D69CD1ACBFA02007A0CAB /* Project object */;
}
